// !$*UTF8*$!
{
	archiveVersion = 1;
	classes = {
	};
	objectVersion = 48;
	objects = {

/* Begin PBXBuildFile section */
		11396C661FBDB6D2008C570F /* AppDelegate.swift in Sources */ = {isa = PBXBuildFile; fileRef = 11396C651FBDB6D2008C570F /* AppDelegate.swift */; };
		11396C681FBDB6D2008C570F /* SearchViewController.swift in Sources */ = {isa = PBXBuildFile; fileRef = 11396C671FBDB6D2008C570F /* SearchViewController.swift */; };
		11396C6B1FBDB6D2008C570F /* Main.storyboard in Resources */ = {isa = PBXBuildFile; fileRef = 11396C691FBDB6D2008C570F /* Main.storyboard */; };
		11396C6D1FBDB6D2008C570F /* Assets.xcassets in Resources */ = {isa = PBXBuildFile; fileRef = 11396C6C1FBDB6D2008C570F /* Assets.xcassets */; };
		11396C701FBDB6D2008C570F /* LaunchScreen.storyboard in Resources */ = {isa = PBXBuildFile; fileRef = 11396C6E1FBDB6D2008C570F /* LaunchScreen.storyboard */; };
		491207081FCCB1410069EA5D /* UIColor+ErrorColors.swift in Sources */ = {isa = PBXBuildFile; fileRef = 491207071FCCB1410069EA5D /* UIColor+ErrorColors.swift */; };
		4934ADB31FCCA87400625E42 /* BaseDateFormatter.swift in Sources */ = {isa = PBXBuildFile; fileRef = 4934ADB21FCCA87400625E42 /* BaseDateFormatter.swift */; };
		4934BDE91FC1C61200D22471 /* Film.swift in Sources */ = {isa = PBXBuildFile; fileRef = 4934BDE81FC1C61200D22471 /* Film.swift */; };
		498789851FC33D4E00E7A0C9 /* Character.swift in Sources */ = {isa = PBXBuildFile; fileRef = 498789841FC33D4E00E7A0C9 /* Character.swift */; };
		7FC805C61FC86B6C00C526B7 /* NetworkService.swift in Sources */ = {isa = PBXBuildFile; fileRef = 7FC805C51FC86B6C00C526B7 /* NetworkService.swift */; };
/* End PBXBuildFile section */

/* Begin PBXFileReference section */
		11396C621FBDB6D2008C570F /* StarWars.app */ = {isa = PBXFileReference; explicitFileType = wrapper.application; includeInIndex = 0; path = StarWars.app; sourceTree = BUILT_PRODUCTS_DIR; };
		11396C651FBDB6D2008C570F /* AppDelegate.swift */ = {isa = PBXFileReference; lastKnownFileType = sourcecode.swift; path = AppDelegate.swift; sourceTree = "<group>"; };
		11396C671FBDB6D2008C570F /* SearchViewController.swift */ = {isa = PBXFileReference; lastKnownFileType = sourcecode.swift; path = SearchViewController.swift; sourceTree = "<group>"; };
		11396C6A1FBDB6D2008C570F /* Base */ = {isa = PBXFileReference; lastKnownFileType = file.storyboard; name = Base; path = Base.lproj/Main.storyboard; sourceTree = "<group>"; };
		11396C6C1FBDB6D2008C570F /* Assets.xcassets */ = {isa = PBXFileReference; lastKnownFileType = folder.assetcatalog; path = Assets.xcassets; sourceTree = "<group>"; };
		11396C6F1FBDB6D2008C570F /* Base */ = {isa = PBXFileReference; lastKnownFileType = file.storyboard; name = Base; path = Base.lproj/LaunchScreen.storyboard; sourceTree = "<group>"; };
		11396C711FBDB6D2008C570F /* Info.plist */ = {isa = PBXFileReference; lastKnownFileType = text.plist.xml; path = Info.plist; sourceTree = "<group>"; };
		491207071FCCB1410069EA5D /* UIColor+ErrorColors.swift */ = {isa = PBXFileReference; lastKnownFileType = sourcecode.swift; path = "UIColor+ErrorColors.swift"; sourceTree = "<group>"; };
		4934ADB21FCCA87400625E42 /* BaseDateFormatter.swift */ = {isa = PBXFileReference; lastKnownFileType = sourcecode.swift; path = BaseDateFormatter.swift; sourceTree = "<group>"; };
		4934BDE81FC1C61200D22471 /* Film.swift */ = {isa = PBXFileReference; lastKnownFileType = sourcecode.swift; path = Film.swift; sourceTree = "<group>"; };
		498789841FC33D4E00E7A0C9 /* Character.swift */ = {isa = PBXFileReference; lastKnownFileType = sourcecode.swift; path = Character.swift; sourceTree = "<group>"; };
		7FC805C51FC86B6C00C526B7 /* NetworkService.swift */ = {isa = PBXFileReference; lastKnownFileType = sourcecode.swift; path = NetworkService.swift; sourceTree = "<group>"; };
/* End PBXFileReference section */

/* Begin PBXFrameworksBuildPhase section */
		11396C5F1FBDB6D2008C570F /* Frameworks */ = {
			isa = PBXFrameworksBuildPhase;
			buildActionMask = 2147483647;
			files = (
			);
			runOnlyForDeploymentPostprocessing = 0;
		};
/* End PBXFrameworksBuildPhase section */

/* Begin PBXGroup section */
		11396C591FBDB6D2008C570F = {
			isa = PBXGroup;
			children = (
				11396C641FBDB6D2008C570F /* StarWars */,
				11396C631FBDB6D2008C570F /* Products */,
			);
			sourceTree = "<group>";
		};
		11396C631FBDB6D2008C570F /* Products */ = {
			isa = PBXGroup;
			children = (
				11396C621FBDB6D2008C570F /* StarWars.app */,
			);
			name = Products;
			sourceTree = "<group>";
		};
		11396C641FBDB6D2008C570F /* StarWars */ = {
			isa = PBXGroup;
			children = (
				491207061FCCB1270069EA5D /* Extensions */,
				7FC805C81FC8787800C526B7 /* Models */,
				7FC805C71FC86B6F00C526B7 /* Services */,
				11396C651FBDB6D2008C570F /* AppDelegate.swift */,
				11396C671FBDB6D2008C570F /* SearchViewController.swift */,
				11396C691FBDB6D2008C570F /* Main.storyboard */,
				11396C6C1FBDB6D2008C570F /* Assets.xcassets */,
				11396C6E1FBDB6D2008C570F /* LaunchScreen.storyboard */,
				11396C711FBDB6D2008C570F /* Info.plist */,
				4934ADB21FCCA87400625E42 /* BaseDateFormatter.swift */,
			);
			path = StarWars;
			sourceTree = "<group>";
		};
		491207061FCCB1270069EA5D /* Extensions */ = {
			isa = PBXGroup;
			children = (
				491207071FCCB1410069EA5D /* UIColor+ErrorColors.swift */,
			);
			path = Extensions;
			sourceTree = "<group>";
		};
		7FC805C71FC86B6F00C526B7 /* Services */ = {
			isa = PBXGroup;
			children = (
				7FC805C51FC86B6C00C526B7 /* NetworkService.swift */,
			);
			path = Services;
			sourceTree = "<group>";
		};
		7FC805C81FC8787800C526B7 /* Models */ = {
			isa = PBXGroup;
			children = (
				4934BDE81FC1C61200D22471 /* Film.swift */,
				498789841FC33D4E00E7A0C9 /* Character.swift */,
			);
			path = Models;
			sourceTree = "<group>";
		};
/* End PBXGroup section */

/* Begin PBXNativeTarget section */
		11396C611FBDB6D2008C570F /* StarWars */ = {
			isa = PBXNativeTarget;
			buildConfigurationList = 11396C741FBDB6D2008C570F /* Build configuration list for PBXNativeTarget "StarWars" */;
			buildPhases = (
				11396C5E1FBDB6D2008C570F /* Sources */,
				11396C5F1FBDB6D2008C570F /* Frameworks */,
				11396C601FBDB6D2008C570F /* Resources */,
				11396C771FBDB8FA008C570F /* Swiftlint */,
				491207091FCCB8900069EA5D /* CPD */,
			);
			buildRules = (
			);
			dependencies = (
			);
			name = StarWars;
			productName = StarWars;
			productReference = 11396C621FBDB6D2008C570F /* StarWars.app */;
			productType = "com.apple.product-type.application";
		};
/* End PBXNativeTarget section */

/* Begin PBXProject section */
		11396C5A1FBDB6D2008C570F /* Project object */ = {
			isa = PBXProject;
			attributes = {
				LastSwiftUpdateCheck = 0910;
				LastUpgradeCheck = 0910;
				ORGANIZATIONNAME = EPAM;
				TargetAttributes = {
					11396C611FBDB6D2008C570F = {
						CreatedOnToolsVersion = 9.1;
						ProvisioningStyle = Automatic;
					};
				};
			};
			buildConfigurationList = 11396C5D1FBDB6D2008C570F /* Build configuration list for PBXProject "StarWars" */;
			compatibilityVersion = "Xcode 8.0";
			developmentRegion = en;
			hasScannedForEncodings = 0;
			knownRegions = (
				en,
				Base,
			);
			mainGroup = 11396C591FBDB6D2008C570F;
			productRefGroup = 11396C631FBDB6D2008C570F /* Products */;
			projectDirPath = "";
			projectRoot = "";
			targets = (
				11396C611FBDB6D2008C570F /* StarWars */,
			);
		};
/* End PBXProject section */

/* Begin PBXResourcesBuildPhase section */
		11396C601FBDB6D2008C570F /* Resources */ = {
			isa = PBXResourcesBuildPhase;
			buildActionMask = 2147483647;
			files = (
				11396C701FBDB6D2008C570F /* LaunchScreen.storyboard in Resources */,
				11396C6D1FBDB6D2008C570F /* Assets.xcassets in Resources */,
				11396C6B1FBDB6D2008C570F /* Main.storyboard in Resources */,
			);
			runOnlyForDeploymentPostprocessing = 0;
		};
/* End PBXResourcesBuildPhase section */

/* Begin PBXShellScriptBuildPhase section */
		11396C771FBDB8FA008C570F /* Swiftlint */ = {
			isa = PBXShellScriptBuildPhase;
			buildActionMask = 2147483647;
			files = (
			);
			inputPaths = (
			);
			name = Swiftlint;
			outputPaths = (
			);
			runOnlyForDeploymentPostprocessing = 0;
			shellPath = /bin/sh;
			shellScript = "if which swiftlint >/dev/null; then\nswiftlint\nelse\necho \"warning: SwiftLint not installed, download from https://github.com/realm/SwiftLint\"\nfi";
		};
		491207091FCCB8900069EA5D /* CPD */ = {
			isa = PBXShellScriptBuildPhase;
			buildActionMask = 2147483647;
			files = (
			);
			inputPaths = (
			);
			name = CPD;
			outputPaths = (
			);
			runOnlyForDeploymentPostprocessing = 0;
			shellPath = /bin/sh;
			shellScript = "# Running CPD\npmd cpd --files ${EXECUTABLE_NAME} --minimum-tokens 50 --language swift --encoding UTF-8 --format net.sourceforge.pmd.cpd.XMLRenderer > cpd-output.xml --failOnViolation true\n\n# Running script\nphp ./cpd_script.php -cpd-xml cpd-output.xml";
		};
/* End PBXShellScriptBuildPhase section */

/* Begin PBXSourcesBuildPhase section */
		11396C5E1FBDB6D2008C570F /* Sources */ = {
			isa = PBXSourcesBuildPhase;
			buildActionMask = 2147483647;
			files = (
				491207081FCCB1410069EA5D /* UIColor+ErrorColors.swift in Sources */,
				4934BDE91FC1C61200D22471 /* Film.swift in Sources */,
				498789851FC33D4E00E7A0C9 /* Character.swift in Sources */,
				7FC805C61FC86B6C00C526B7 /* NetworkService.swift in Sources */,
				11396C681FBDB6D2008C570F /* SearchViewController.swift in Sources */,
				11396C661FBDB6D2008C570F /* AppDelegate.swift in Sources */,
				4934ADB31FCCA87400625E42 /* BaseDateFormatter.swift in Sources */,
			);
			runOnlyForDeploymentPostprocessing = 0;
		};
/* End PBXSourcesBuildPhase section */

/* Begin PBXVariantGroup section */
		11396C691FBDB6D2008C570F /* Main.storyboard */ = {
			isa = PBXVariantGroup;
			children = (
				11396C6A1FBDB6D2008C570F /* Base */,
			);
			name = Main.storyboard;
			sourceTree = "<group>";
		};
		11396C6E1FBDB6D2008C570F /* LaunchScreen.storyboard */ = {
			isa = PBXVariantGroup;
			children = (
				11396C6F1FBDB6D2008C570F /* Base */,
			);
			name = LaunchScreen.storyboard;
			sourceTree = "<group>";
		};
/* End PBXVariantGroup section */

/* Begin XCBuildConfiguration section */
		11396C721FBDB6D2008C570F /* Debug */ = {
			isa = XCBuildConfiguration;
			buildSettings = {
				ALWAYS_SEARCH_USER_PATHS = NO;
				CLANG_ANALYZER_NONNULL = YES;
				CLANG_ANALYZER_NUMBER_OBJECT_CONVERSION = YES_AGGRESSIVE;
				CLANG_CXX_LANGUAGE_STANDARD = "gnu++14";
				CLANG_CXX_LIBRARY = "libc++";
				CLANG_ENABLE_MODULES = YES;
				CLANG_ENABLE_OBJC_ARC = YES;
				CLANG_WARN_BLOCK_CAPTURE_AUTORELEASING = YES;
				CLANG_WARN_BOOL_CONVERSION = YES;
				CLANG_WARN_COMMA = YES;
				CLANG_WARN_CONSTANT_CONVERSION = YES;
				CLANG_WARN_DIRECT_OBJC_ISA_USAGE = YES_ERROR;
				CLANG_WARN_DOCUMENTATION_COMMENTS = YES;
				CLANG_WARN_EMPTY_BODY = YES;
				CLANG_WARN_ENUM_CONVERSION = YES;
				CLANG_WARN_INFINITE_RECURSION = YES;
				CLANG_WARN_INT_CONVERSION = YES;
				CLANG_WARN_NON_LITERAL_NULL_CONVERSION = YES;
				CLANG_WARN_OBJC_LITERAL_CONVERSION = YES;
				CLANG_WARN_OBJC_ROOT_CLASS = YES_ERROR;
				CLANG_WARN_RANGE_LOOP_ANALYSIS = YES;
				CLANG_WARN_STRICT_PROTOTYPES = YES;
				CLANG_WARN_SUSPICIOUS_MOVE = YES;
				CLANG_WARN_UNGUARDED_AVAILABILITY = YES_AGGRESSIVE;
				CLANG_WARN_UNREACHABLE_CODE = YES;
				CLANG_WARN__DUPLICATE_METHOD_MATCH = YES;
				CODE_SIGN_IDENTITY = "iPhone Developer";
				COPY_PHASE_STRIP = NO;
				DEBUG_INFORMATION_FORMAT = dwarf;
				ENABLE_STRICT_OBJC_MSGSEND = YES;
				ENABLE_TESTABILITY = YES;
				GCC_C_LANGUAGE_STANDARD = gnu11;
				GCC_DYNAMIC_NO_PIC = NO;
				GCC_NO_COMMON_BLOCKS = YES;
				GCC_OPTIMIZATION_LEVEL = 0;
				GCC_PREPROCESSOR_DEFINITIONS = (
					"DEBUG=1",
					"$(inherited)",
				);
				GCC_WARN_64_TO_32_BIT_CONVERSION = YES;
				GCC_WARN_ABOUT_RETURN_TYPE = YES_ERROR;
				GCC_WARN_UNDECLARED_SELECTOR = YES;
				GCC_WARN_UNINITIALIZED_AUTOS = YES_AGGRESSIVE;
				GCC_WARN_UNUSED_FUNCTION = YES;
				GCC_WARN_UNUSED_VARIABLE = YES;
				IPHONEOS_DEPLOYMENT_TARGET = 11.1;
				MTL_ENABLE_DEBUG_INFO = YES;
				ONLY_ACTIVE_ARCH = YES;
				SDKROOT = iphoneos;
				SWIFT_ACTIVE_COMPILATION_CONDITIONS = DEBUG;
				SWIFT_OPTIMIZATION_LEVEL = "-Onone";
			};
			name = Debug;
		};
		11396C731FBDB6D2008C570F /* Release */ = {
			isa = XCBuildConfiguration;
			buildSettings = {
				ALWAYS_SEARCH_USER_PATHS = NO;
				CLANG_ANALYZER_NONNULL = YES;
				CLANG_ANALYZER_NUMBER_OBJECT_CONVERSION = YES_AGGRESSIVE;
				CLANG_CXX_LANGUAGE_STANDARD = "gnu++14";
				CLANG_CXX_LIBRARY = "libc++";
				CLANG_ENABLE_MODULES = YES;
				CLANG_ENABLE_OBJC_ARC = YES;
				CLANG_WARN_BLOCK_CAPTURE_AUTORELEASING = YES;
				CLANG_WARN_BOOL_CONVERSION = YES;
				CLANG_WARN_COMMA = YES;
				CLANG_WARN_CONSTANT_CONVERSION = YES;
				CLANG_WARN_DIRECT_OBJC_ISA_USAGE = YES_ERROR;
				CLANG_WARN_DOCUMENTATION_COMMENTS = YES;
				CLANG_WARN_EMPTY_BODY = YES;
				CLANG_WARN_ENUM_CONVERSION = YES;
				CLANG_WARN_INFINITE_RECURSION = YES;
				CLANG_WARN_INT_CONVERSION = YES;
				CLANG_WARN_NON_LITERAL_NULL_CONVERSION = YES;
				CLANG_WARN_OBJC_LITERAL_CONVERSION = YES;
				CLANG_WARN_OBJC_ROOT_CLASS = YES_ERROR;
				CLANG_WARN_RANGE_LOOP_ANALYSIS = YES;
				CLANG_WARN_STRICT_PROTOTYPES = YES;
				CLANG_WARN_SUSPICIOUS_MOVE = YES;
				CLANG_WARN_UNGUARDED_AVAILABILITY = YES_AGGRESSIVE;
				CLANG_WARN_UNREACHABLE_CODE = YES;
				CLANG_WARN__DUPLICATE_METHOD_MATCH = YES;
				CODE_SIGN_IDENTITY = "iPhone Developer";
				COPY_PHASE_STRIP = NO;
				DEBUG_INFORMATION_FORMAT = "dwarf-with-dsym";
				ENABLE_NS_ASSERTIONS = NO;
				ENABLE_STRICT_OBJC_MSGSEND = YES;
				GCC_C_LANGUAGE_STANDARD = gnu11;
				GCC_NO_COMMON_BLOCKS = YES;
				GCC_WARN_64_TO_32_BIT_CONVERSION = YES;
				GCC_WARN_ABOUT_RETURN_TYPE = YES_ERROR;
				GCC_WARN_UNDECLARED_SELECTOR = YES;
				GCC_WARN_UNINITIALIZED_AUTOS = YES_AGGRESSIVE;
				GCC_WARN_UNUSED_FUNCTION = YES;
				GCC_WARN_UNUSED_VARIABLE = YES;
				IPHONEOS_DEPLOYMENT_TARGET = 11.1;
				MTL_ENABLE_DEBUG_INFO = NO;
				SDKROOT = iphoneos;
				SWIFT_OPTIMIZATION_LEVEL = "-Owholemodule";
				VALIDATE_PRODUCT = YES;
			};
			name = Release;
		};
		11396C751FBDB6D2008C570F /* Debug */ = {
			isa = XCBuildConfiguration;
			buildSettings = {
				ASSETCATALOG_COMPILER_APPICON_NAME = AppIcon;
				CODE_SIGN_STYLE = Automatic;
				DEVELOPMENT_TEAM = 3NRJ5W5TPS;
				INFOPLIST_FILE = StarWars/Info.plist;
				IPHONEOS_DEPLOYMENT_TARGET = 9.0;
				LD_RUNPATH_SEARCH_PATHS = "$(inherited) @executable_path/Frameworks";
				PRODUCT_BUNDLE_IDENTIFIER = com.epam.StarWars;
				PRODUCT_NAME = "$(TARGET_NAME)";
				SWIFT_VERSION = 4.0;
				TARGETED_DEVICE_FAMILY = 1;
			};
			name = Debug;
		};
		11396C761FBDB6D2008C570F /* Release */ = {
			isa = XCBuildConfiguration;
			buildSettings = {
				ASSETCATALOG_COMPILER_APPICON_NAME = AppIcon;
				CODE_SIGN_STYLE = Automatic;
				DEVELOPMENT_TEAM = 3NRJ5W5TPS;
				INFOPLIST_FILE = StarWars/Info.plist;
				IPHONEOS_DEPLOYMENT_TARGET = 9.0;
				LD_RUNPATH_SEARCH_PATHS = "$(inherited) @executable_path/Frameworks";
				PRODUCT_BUNDLE_IDENTIFIER = com.epam.StarWars;
				PRODUCT_NAME = "$(TARGET_NAME)";
				SWIFT_VERSION = 4.0;
				TARGETED_DEVICE_FAMILY = 1;
			};
			name = Release;
		};
/* End XCBuildConfiguration section */

/* Begin XCConfigurationList section */
		11396C5D1FBDB6D2008C570F /* Build configuration list for PBXProject "StarWars" */ = {
			isa = XCConfigurationList;
			buildConfigurations = (
				11396C721FBDB6D2008C570F /* Debug */,
				11396C731FBDB6D2008C570F /* Release */,
			);
			defaultConfigurationIsVisible = 0;
			defaultConfigurationName = Release;
		};
		11396C741FBDB6D2008C570F /* Build configuration list for PBXNativeTarget "StarWars" */ = {
			isa = XCConfigurationList;
			buildConfigurations = (
				11396C751FBDB6D2008C570F /* Debug */,
				11396C761FBDB6D2008C570F /* Release */,
			);
			defaultConfigurationIsVisible = 0;
			defaultConfigurationName = Release;
		};
/* End XCConfigurationList section */
	};
	rootObject = 11396C5A1FBDB6D2008C570F /* Project object */;
}
