// !$*UTF8*$!
{
	archiveVersion = 1;
	classes = {
	};
	objectVersion = 48;
	objects = {

/* Begin PBXBuildFile section */
		2AE1CD3D1FC6EF6A00B4E19E /* ORecognizer.swift in Sources */ = {isa = PBXBuildFile; fileRef = 2AE1CD3C1FC6EF6900B4E19E /* ORecognizer.swift */; };
		2AE1CD3F1FC6EF8000B4E19E /* circle.jpg in Resources */ = {isa = PBXBuildFile; fileRef = 2AE1CD3E1FC6EF7F00B4E19E /* circle.jpg */; };
		7F6C26811FBB3669008A981B /* AppDelegate.swift in Sources */ = {isa = PBXBuildFile; fileRef = 7F6C26801FBB3669008A981B /* AppDelegate.swift */; };
		7F6C26831FBB3669008A981B /* GestureViewController.swift in Sources */ = {isa = PBXBuildFile; fileRef = 7F6C26821FBB3669008A981B /* GestureViewController.swift */; };
		7F6C26861FBB3669008A981B /* Main.storyboard in Resources */ = {isa = PBXBuildFile; fileRef = 7F6C26841FBB3669008A981B /* Main.storyboard */; };
		7F6C26881FBB3669008A981B /* Assets.xcassets in Resources */ = {isa = PBXBuildFile; fileRef = 7F6C26871FBB3669008A981B /* Assets.xcassets */; };
		7F6C268B1FBB3669008A981B /* LaunchScreen.storyboard in Resources */ = {isa = PBXBuildFile; fileRef = 7F6C26891FBB3669008A981B /* LaunchScreen.storyboard */; };
/* End PBXBuildFile section */

/* Begin PBXFileReference section */
		2AE1CD3C1FC6EF6900B4E19E /* ORecognizer.swift */ = {isa = PBXFileReference; fileEncoding = 4; lastKnownFileType = sourcecode.swift; path = ORecognizer.swift; sourceTree = "<group>"; };
		2AE1CD3E1FC6EF7F00B4E19E /* circle.jpg */ = {isa = PBXFileReference; lastKnownFileType = image.jpeg; path = circle.jpg; sourceTree = "<group>"; };
		7F6C267D1FBB3669008A981B /* CustomGesture.app */ = {isa = PBXFileReference; explicitFileType = wrapper.application; includeInIndex = 0; path = CustomGesture.app; sourceTree = BUILT_PRODUCTS_DIR; };
		7F6C26801FBB3669008A981B /* AppDelegate.swift */ = {isa = PBXFileReference; lastKnownFileType = sourcecode.swift; path = AppDelegate.swift; sourceTree = "<group>"; };
		7F6C26821FBB3669008A981B /* GestureViewController.swift */ = {isa = PBXFileReference; lastKnownFileType = sourcecode.swift; path = GestureViewController.swift; sourceTree = "<group>"; };
		7F6C26851FBB3669008A981B /* Base */ = {isa = PBXFileReference; lastKnownFileType = file.storyboard; name = Base; path = Base.lproj/Main.storyboard; sourceTree = "<group>"; };
		7F6C26871FBB3669008A981B /* Assets.xcassets */ = {isa = PBXFileReference; lastKnownFileType = folder.assetcatalog; path = Assets.xcassets; sourceTree = "<group>"; };
		7F6C268A1FBB3669008A981B /* Base */ = {isa = PBXFileReference; lastKnownFileType = file.storyboard; name = Base; path = Base.lproj/LaunchScreen.storyboard; sourceTree = "<group>"; };
		7F6C268C1FBB3669008A981B /* Info.plist */ = {isa = PBXFileReference; lastKnownFileType = text.plist.xml; path = Info.plist; sourceTree = "<group>"; };
/* End PBXFileReference section */

/* Begin PBXFrameworksBuildPhase section */
		7F6C267A1FBB3668008A981B /* Frameworks */ = {
			isa = PBXFrameworksBuildPhase;
			buildActionMask = 2147483647;
			files = (
			);
			runOnlyForDeploymentPostprocessing = 0;
		};
/* End PBXFrameworksBuildPhase section */

/* Begin PBXGroup section */
		7F6C26741FBB3668008A981B = {
			isa = PBXGroup;
			children = (
				7F6C267F1FBB3669008A981B /* CustomGesture */,
				7F6C267E1FBB3669008A981B /* Products */,
			);
			sourceTree = "<group>";
		};
		7F6C267E1FBB3669008A981B /* Products */ = {
			isa = PBXGroup;
			children = (
				7F6C267D1FBB3669008A981B /* CustomGesture.app */,
			);
			name = Products;
			sourceTree = "<group>";
		};
		7F6C267F1FBB3669008A981B /* CustomGesture */ = {
			isa = PBXGroup;
			children = (
				2AE1CD3E1FC6EF7F00B4E19E /* circle.jpg */,
				7F6C26801FBB3669008A981B /* AppDelegate.swift */,
				2AE1CD3C1FC6EF6900B4E19E /* ORecognizer.swift */,
				7F6C26821FBB3669008A981B /* GestureViewController.swift */,
				7F6C26841FBB3669008A981B /* Main.storyboard */,
				7F6C26871FBB3669008A981B /* Assets.xcassets */,
				7F6C26891FBB3669008A981B /* LaunchScreen.storyboard */,
				7F6C268C1FBB3669008A981B /* Info.plist */,
			);
			path = CustomGesture;
			sourceTree = "<group>";
		};
/* End PBXGroup section */

/* Begin PBXNativeTarget section */
		7F6C267C1FBB3668008A981B /* CustomGesture */ = {
			isa = PBXNativeTarget;
			buildConfigurationList = 7F6C268F1FBB3669008A981B /* Build configuration list for PBXNativeTarget "CustomGesture" */;
			buildPhases = (
				7F6C26791FBB3668008A981B /* Sources */,
				7F6C267A1FBB3668008A981B /* Frameworks */,
				7F6C267B1FBB3668008A981B /* Resources */,
				7F6C26921FBB3776008A981B /* Swiftlint */,
				7FF582441FBDA4B80009B9BD /* CPD */,
			);
			buildRules = (
			);
			dependencies = (
			);
			name = CustomGesture;
			productName = CustomGesture;
			productReference = 7F6C267D1FBB3669008A981B /* CustomGesture.app */;
			productType = "com.apple.product-type.application";
		};
/* End PBXNativeTarget section */

/* Begin PBXProject section */
		7F6C26751FBB3668008A981B /* Project object */ = {
			isa = PBXProject;
			attributes = {
				LastSwiftUpdateCheck = 0900;
				LastUpgradeCheck = 0900;
				ORGANIZATIONNAME = epam;
				TargetAttributes = {
					7F6C267C1FBB3668008A981B = {
						CreatedOnToolsVersion = 9.0;
						ProvisioningStyle = Manual;
					};
				};
			};
			buildConfigurationList = 7F6C26781FBB3668008A981B /* Build configuration list for PBXProject "CustomGesture" */;
			compatibilityVersion = "Xcode 8.0";
			developmentRegion = en;
			hasScannedForEncodings = 0;
			knownRegions = (
				en,
				Base,
			);
			mainGroup = 7F6C26741FBB3668008A981B;
			productRefGroup = 7F6C267E1FBB3669008A981B /* Products */;
			projectDirPath = "";
			projectRoot = "";
			targets = (
				7F6C267C1FBB3668008A981B /* CustomGesture */,
			);
		};
/* End PBXProject section */

/* Begin PBXResourcesBuildPhase section */
		7F6C267B1FBB3668008A981B /* Resources */ = {
			isa = PBXResourcesBuildPhase;
			buildActionMask = 2147483647;
			files = (
				7F6C268B1FBB3669008A981B /* LaunchScreen.storyboard in Resources */,
				7F6C26881FBB3669008A981B /* Assets.xcassets in Resources */,
				7F6C26861FBB3669008A981B /* Main.storyboard in Resources */,
				2AE1CD3F1FC6EF8000B4E19E /* circle.jpg in Resources */,
			);
			runOnlyForDeploymentPostprocessing = 0;
		};
/* End PBXResourcesBuildPhase section */

/* Begin PBXShellScriptBuildPhase section */
		7F6C26921FBB3776008A981B /* Swiftlint */ = {
			isa = PBXShellScriptBuildPhase;
			buildActionMask = 2147483647;
			files = (
			);
			inputPaths = (
			);
			name = Swiftlint;
			outputPaths = (
			);
			runOnlyForDeploymentPostprocessing = 0;
			shellPath = /bin/sh;
			shellScript = "if which swiftlint >/dev/null; then\n    swiftlint\nelse\n    echo \"warning: SwiftLint not installed, download from https://github.com/realm/SwiftLint\"\nfi";
		};
		7FF582441FBDA4B80009B9BD /* CPD */ = {
			isa = PBXShellScriptBuildPhase;
			buildActionMask = 2147483647;
			files = (
			);
			inputPaths = (
			);
			name = CPD;
			outputPaths = (
			);
			runOnlyForDeploymentPostprocessing = 0;
			shellPath = /bin/sh;
			shellScript = "# Running CPD\npmd cpd --files ${EXECUTABLE_NAME} --minimum-tokens 50 --language swift --encoding UTF-8 --format net.sourceforge.pmd.cpd.XMLRenderer > cpd-output.xml --failOnViolation true\n\n# Running script\nphp ./common_strings/cpd_script.php -cpd-xml cpd-output.xml";
		};
/* End PBXShellScriptBuildPhase section */

/* Begin PBXSourcesBuildPhase section */
		7F6C26791FBB3668008A981B /* Sources */ = {
			isa = PBXSourcesBuildPhase;
			buildActionMask = 2147483647;
			files = (
				7F6C26831FBB3669008A981B /* GestureViewController.swift in Sources */,
				7F6C26811FBB3669008A981B /* AppDelegate.swift in Sources */,
				2AE1CD3D1FC6EF6A00B4E19E /* ORecognizer.swift in Sources */,
			);
			runOnlyForDeploymentPostprocessing = 0;
		};
/* End PBXSourcesBuildPhase section */

/* Begin PBXVariantGroup section */
		7F6C26841FBB3669008A981B /* Main.storyboard */ = {
			isa = PBXVariantGroup;
			children = (
				7F6C26851FBB3669008A981B /* Base */,
			);
			name = Main.storyboard;
			sourceTree = "<group>";
		};
		7F6C26891FBB3669008A981B /* LaunchScreen.storyboard */ = {
			isa = PBXVariantGroup;
			children = (
				7F6C268A1FBB3669008A981B /* Base */,
			);
			name = LaunchScreen.storyboard;
			sourceTree = "<group>";
		};
/* End PBXVariantGroup section */

/* Begin XCBuildConfiguration section */
		7F6C268D1FBB3669008A981B /* Debug */ = {
			isa = XCBuildConfiguration;
			buildSettings = {
				ALWAYS_SEARCH_USER_PATHS = NO;
				CLANG_ANALYZER_NONNULL = YES;
				CLANG_ANALYZER_NUMBER_OBJECT_CONVERSION = YES_AGGRESSIVE;
				CLANG_CXX_LANGUAGE_STANDARD = "gnu++14";
				CLANG_CXX_LIBRARY = "libc++";
				CLANG_ENABLE_MODULES = YES;
				CLANG_ENABLE_OBJC_ARC = YES;
				CLANG_WARN_BLOCK_CAPTURE_AUTORELEASING = YES;
				CLANG_WARN_BOOL_CONVERSION = YES;
				CLANG_WARN_COMMA = YES;
				CLANG_WARN_CONSTANT_CONVERSION = YES;
				CLANG_WARN_DIRECT_OBJC_ISA_USAGE = YES_ERROR;
				CLANG_WARN_DOCUMENTATION_COMMENTS = YES;
				CLANG_WARN_EMPTY_BODY = YES;
				CLANG_WARN_ENUM_CONVERSION = YES;
				CLANG_WARN_INFINITE_RECURSION = YES;
				CLANG_WARN_INT_CONVERSION = YES;
				CLANG_WARN_OBJC_ROOT_CLASS = YES_ERROR;
				CLANG_WARN_RANGE_LOOP_ANALYSIS = YES;
				CLANG_WARN_STRICT_PROTOTYPES = YES;
				CLANG_WARN_SUSPICIOUS_MOVE = YES;
				CLANG_WARN_UNGUARDED_AVAILABILITY = YES_AGGRESSIVE;
				CLANG_WARN_UNREACHABLE_CODE = YES;
				CLANG_WARN__DUPLICATE_METHOD_MATCH = YES;
				CODE_SIGN_IDENTITY = "iPhone Developer";
				COPY_PHASE_STRIP = NO;
				DEBUG_INFORMATION_FORMAT = dwarf;
				ENABLE_STRICT_OBJC_MSGSEND = YES;
				ENABLE_TESTABILITY = YES;
				GCC_C_LANGUAGE_STANDARD = gnu11;
				GCC_DYNAMIC_NO_PIC = NO;
				GCC_NO_COMMON_BLOCKS = YES;
				GCC_OPTIMIZATION_LEVEL = 0;
				GCC_PREPROCESSOR_DEFINITIONS = (
					"DEBUG=1",
					"$(inherited)",
				);
				GCC_WARN_64_TO_32_BIT_CONVERSION = YES;
				GCC_WARN_ABOUT_RETURN_TYPE = YES_ERROR;
				GCC_WARN_UNDECLARED_SELECTOR = YES;
				GCC_WARN_UNINITIALIZED_AUTOS = YES_AGGRESSIVE;
				GCC_WARN_UNUSED_FUNCTION = YES;
				GCC_WARN_UNUSED_VARIABLE = YES;
				IPHONEOS_DEPLOYMENT_TARGET = 11.0;
				MTL_ENABLE_DEBUG_INFO = YES;
				ONLY_ACTIVE_ARCH = YES;
				SDKROOT = iphoneos;
				SWIFT_ACTIVE_COMPILATION_CONDITIONS = DEBUG;
				SWIFT_OPTIMIZATION_LEVEL = "-Onone";
			};
			name = Debug;
		};
		7F6C268E1FBB3669008A981B /* Release */ = {
			isa = XCBuildConfiguration;
			buildSettings = {
				ALWAYS_SEARCH_USER_PATHS = NO;
				CLANG_ANALYZER_NONNULL = YES;
				CLANG_ANALYZER_NUMBER_OBJECT_CONVERSION = YES_AGGRESSIVE;
				CLANG_CXX_LANGUAGE_STANDARD = "gnu++14";
				CLANG_CXX_LIBRARY = "libc++";
				CLANG_ENABLE_MODULES = YES;
				CLANG_ENABLE_OBJC_ARC = YES;
				CLANG_WARN_BLOCK_CAPTURE_AUTORELEASING = YES;
				CLANG_WARN_BOOL_CONVERSION = YES;
				CLANG_WARN_COMMA = YES;
				CLANG_WARN_CONSTANT_CONVERSION = YES;
				CLANG_WARN_DIRECT_OBJC_ISA_USAGE = YES_ERROR;
				CLANG_WARN_DOCUMENTATION_COMMENTS = YES;
				CLANG_WARN_EMPTY_BODY = YES;
				CLANG_WARN_ENUM_CONVERSION = YES;
				CLANG_WARN_INFINITE_RECURSION = YES;
				CLANG_WARN_INT_CONVERSION = YES;
				CLANG_WARN_OBJC_ROOT_CLASS = YES_ERROR;
				CLANG_WARN_RANGE_LOOP_ANALYSIS = YES;
				CLANG_WARN_STRICT_PROTOTYPES = YES;
				CLANG_WARN_SUSPICIOUS_MOVE = YES;
				CLANG_WARN_UNGUARDED_AVAILABILITY = YES_AGGRESSIVE;
				CLANG_WARN_UNREACHABLE_CODE = YES;
				CLANG_WARN__DUPLICATE_METHOD_MATCH = YES;
				CODE_SIGN_IDENTITY = "iPhone Developer";
				COPY_PHASE_STRIP = NO;
				DEBUG_INFORMATION_FORMAT = "dwarf-with-dsym";
				ENABLE_NS_ASSERTIONS = NO;
				ENABLE_STRICT_OBJC_MSGSEND = YES;
				GCC_C_LANGUAGE_STANDARD = gnu11;
				GCC_NO_COMMON_BLOCKS = YES;
				GCC_WARN_64_TO_32_BIT_CONVERSION = YES;
				GCC_WARN_ABOUT_RETURN_TYPE = YES_ERROR;
				GCC_WARN_UNDECLARED_SELECTOR = YES;
				GCC_WARN_UNINITIALIZED_AUTOS = YES_AGGRESSIVE;
				GCC_WARN_UNUSED_FUNCTION = YES;
				GCC_WARN_UNUSED_VARIABLE = YES;
				IPHONEOS_DEPLOYMENT_TARGET = 11.0;
				MTL_ENABLE_DEBUG_INFO = NO;
				SDKROOT = iphoneos;
				SWIFT_OPTIMIZATION_LEVEL = "-Owholemodule";
				VALIDATE_PRODUCT = YES;
			};
			name = Release;
		};
		7F6C26901FBB3669008A981B /* Debug */ = {
			isa = XCBuildConfiguration;
			buildSettings = {
				ASSETCATALOG_COMPILER_APPICON_NAME = AppIcon;
				CODE_SIGN_STYLE = Manual;
				DEVELOPMENT_TEAM = YYYXHQZUCC;
				INFOPLIST_FILE = CustomGesture/Info.plist;
				IPHONEOS_DEPLOYMENT_TARGET = 9.0;
				LD_RUNPATH_SEARCH_PATHS = "$(inherited) @executable_path/Frameworks";
				PRODUCT_BUNDLE_IDENTIFIER = com.source.faces;
				PRODUCT_NAME = "$(TARGET_NAME)";
				PROVISIONING_PROFILE = "dc581df0-975c-4f6e-82f6-8e1002ed793d";
				PROVISIONING_PROFILE_SPECIFIER = "Faces Development Profile";
				SWIFT_VERSION = 4.0;
				TARGETED_DEVICE_FAMILY = "1,2";
			};
			name = Debug;
		};
		7F6C26911FBB3669008A981B /* Release */ = {
			isa = XCBuildConfiguration;
			buildSettings = {
				ASSETCATALOG_COMPILER_APPICON_NAME = AppIcon;
				CODE_SIGN_STYLE = Manual;
				DEVELOPMENT_TEAM = "";
				INFOPLIST_FILE = CustomGesture/Info.plist;
				IPHONEOS_DEPLOYMENT_TARGET = 9.0;
				LD_RUNPATH_SEARCH_PATHS = "$(inherited) @executable_path/Frameworks";
				PRODUCT_BUNDLE_IDENTIFIER = com.source.faces;
				PRODUCT_NAME = "$(TARGET_NAME)";
				PROVISIONING_PROFILE_SPECIFIER = "";
				SWIFT_VERSION = 4.0;
				TARGETED_DEVICE_FAMILY = "1,2";
			};
			name = Release;
		};
/* End XCBuildConfiguration section */

/* Begin XCConfigurationList section */
		7F6C26781FBB3668008A981B /* Build configuration list for PBXProject "CustomGesture" */ = {
			isa = XCConfigurationList;
			buildConfigurations = (
				7F6C268D1FBB3669008A981B /* Debug */,
				7F6C268E1FBB3669008A981B /* Release */,
			);
			defaultConfigurationIsVisible = 0;
			defaultConfigurationName = Release;
		};
		7F6C268F1FBB3669008A981B /* Build configuration list for PBXNativeTarget "CustomGesture" */ = {
			isa = XCConfigurationList;
			buildConfigurations = (
				7F6C26901FBB3669008A981B /* Debug */,
				7F6C26911FBB3669008A981B /* Release */,
			);
			defaultConfigurationIsVisible = 0;
			defaultConfigurationName = Release;
		};
/* End XCConfigurationList section */
	};
	rootObject = 7F6C26751FBB3668008A981B /* Project object */;
}
